// !$*UTF8*$!
{
	archiveVersion = 1;
	classes = {
	};
	objectVersion = 50;
	objects = {

/* Begin PBXBuildFile section */
		534D411523AB0F2D003643FA /* AppDelegate.m in Sources */ = {isa = PBXBuildFile; fileRef = 534D411423AB0F2D003643FA /* AppDelegate.m */; };
		534D411823AB0F2D003643FA /* SceneDelegate.m in Sources */ = {isa = PBXBuildFile; fileRef = 534D411723AB0F2D003643FA /* SceneDelegate.m */; };
		534D411B23AB0F2D003643FA /* ViewController.m in Sources */ = {isa = PBXBuildFile; fileRef = 534D411A23AB0F2D003643FA /* ViewController.m */; };
		534D411E23AB0F2D003643FA /* Main.storyboard in Resources */ = {isa = PBXBuildFile; fileRef = 534D411C23AB0F2D003643FA /* Main.storyboard */; };
		534D412023AB0F31003643FA /* Assets.xcassets in Resources */ = {isa = PBXBuildFile; fileRef = 534D411F23AB0F31003643FA /* Assets.xcassets */; };
		534D412323AB0F31003643FA /* LaunchScreen.storyboard in Resources */ = {isa = PBXBuildFile; fileRef = 534D412123AB0F31003643FA /* LaunchScreen.storyboard */; };
		534D412623AB0F31003643FA /* main.m in Sources */ = {isa = PBXBuildFile; fileRef = 534D412523AB0F31003643FA /* main.m */; };
		534D412E23AB1E5C003643FA /* AViewController.m in Sources */ = {isa = PBXBuildFile; fileRef = 534D412D23AB1E5C003643FA /* AViewController.m */; };
		534D413123AB2265003643FA /* CMControllerHelper.m in Sources */ = {isa = PBXBuildFile; fileRef = 534D413023AB2265003643FA /* CMControllerHelper.m */; };
		534D413423AB239E003643FA /* UIViewController+UI.m in Sources */ = {isa = PBXBuildFile; fileRef = 534D413323AB239E003643FA /* UIViewController+UI.m */; };
/* End PBXBuildFile section */

/* Begin PBXFileReference section */
		534D411023AB0F2D003643FA /* 13.1.app */ = {isa = PBXFileReference; explicitFileType = wrapper.application; includeInIndex = 0; path = 13.1.app; sourceTree = BUILT_PRODUCTS_DIR; };
		534D411323AB0F2D003643FA /* AppDelegate.h */ = {isa = PBXFileReference; lastKnownFileType = sourcecode.c.h; path = AppDelegate.h; sourceTree = "<group>"; };
		534D411423AB0F2D003643FA /* AppDelegate.m */ = {isa = PBXFileReference; lastKnownFileType = sourcecode.c.objc; path = AppDelegate.m; sourceTree = "<group>"; };
		534D411623AB0F2D003643FA /* SceneDelegate.h */ = {isa = PBXFileReference; lastKnownFileType = sourcecode.c.h; path = SceneDelegate.h; sourceTree = "<group>"; };
		534D411723AB0F2D003643FA /* SceneDelegate.m */ = {isa = PBXFileReference; lastKnownFileType = sourcecode.c.objc; path = SceneDelegate.m; sourceTree = "<group>"; };
		534D411923AB0F2D003643FA /* ViewController.h */ = {isa = PBXFileReference; lastKnownFileType = sourcecode.c.h; path = ViewController.h; sourceTree = "<group>"; };
		534D411A23AB0F2D003643FA /* ViewController.m */ = {isa = PBXFileReference; lastKnownFileType = sourcecode.c.objc; path = ViewController.m; sourceTree = "<group>"; };
		534D411D23AB0F2D003643FA /* Base */ = {isa = PBXFileReference; lastKnownFileType = file.storyboard; name = Base; path = Base.lproj/Main.storyboard; sourceTree = "<group>"; };
		534D411F23AB0F31003643FA /* Assets.xcassets */ = {isa = PBXFileReference; lastKnownFileType = folder.assetcatalog; path = Assets.xcassets; sourceTree = "<group>"; };
		534D412223AB0F31003643FA /* Base */ = {isa = PBXFileReference; lastKnownFileType = file.storyboard; name = Base; path = Base.lproj/LaunchScreen.storyboard; sourceTree = "<group>"; };
		534D412423AB0F31003643FA /* Info.plist */ = {isa = PBXFileReference; lastKnownFileType = text.plist.xml; path = Info.plist; sourceTree = "<group>"; };
		534D412523AB0F31003643FA /* main.m */ = {isa = PBXFileReference; lastKnownFileType = sourcecode.c.objc; path = main.m; sourceTree = "<group>"; };
		534D412C23AB1E5B003643FA /* AViewController.h */ = {isa = PBXFileReference; lastKnownFileType = sourcecode.c.h; path = AViewController.h; sourceTree = "<group>"; };
		534D412D23AB1E5C003643FA /* AViewController.m */ = {isa = PBXFileReference; lastKnownFileType = sourcecode.c.objc; path = AViewController.m; sourceTree = "<group>"; };
		534D412F23AB2265003643FA /* CMControllerHelper.h */ = {isa = PBXFileReference; fileEncoding = 4; lastKnownFileType = sourcecode.c.h; path = CMControllerHelper.h; sourceTree = "<group>"; };
		534D413023AB2265003643FA /* CMControllerHelper.m */ = {isa = PBXFileReference; fileEncoding = 4; lastKnownFileType = sourcecode.c.objc; path = CMControllerHelper.m; sourceTree = "<group>"; };
		534D413223AB239D003643FA /* UIViewController+UI.h */ = {isa = PBXFileReference; fileEncoding = 4; lastKnownFileType = sourcecode.c.h; path = "UIViewController+UI.h"; sourceTree = "<group>"; };
		534D413323AB239E003643FA /* UIViewController+UI.m */ = {isa = PBXFileReference; fileEncoding = 4; lastKnownFileType = sourcecode.c.objc; path = "UIViewController+UI.m"; sourceTree = "<group>"; };
/* End PBXFileReference section */

/* Begin PBXFrameworksBuildPhase section */
		534D410D23AB0F2D003643FA /* Frameworks */ = {
			isa = PBXFrameworksBuildPhase;
			buildActionMask = 2147483647;
			files = (
			);
			runOnlyForDeploymentPostprocessing = 0;
		};
/* End PBXFrameworksBuildPhase section */

/* Begin PBXGroup section */
		534D410723AB0F2D003643FA = {
			isa = PBXGroup;
			children = (
				534D411223AB0F2D003643FA /* 13.1 */,
				534D411123AB0F2D003643FA /* Products */,
			);
			sourceTree = "<group>";
		};
		534D411123AB0F2D003643FA /* Products */ = {
			isa = PBXGroup;
			children = (
				534D411023AB0F2D003643FA /* 13.1.app */,
			);
			name = Products;
			sourceTree = "<group>";
		};
		534D411223AB0F2D003643FA /* 13.1 */ = {
			isa = PBXGroup;
			children = (
				534D411323AB0F2D003643FA /* AppDelegate.h */,
				534D411423AB0F2D003643FA /* AppDelegate.m */,
				534D411623AB0F2D003643FA /* SceneDelegate.h */,
				534D411723AB0F2D003643FA /* SceneDelegate.m */,
				534D411923AB0F2D003643FA /* ViewController.h */,
				534D411A23AB0F2D003643FA /* ViewController.m */,
				534D412C23AB1E5B003643FA /* AViewController.h */,
				534D412D23AB1E5C003643FA /* AViewController.m */,
				534D412F23AB2265003643FA /* CMControllerHelper.h */,
				534D413023AB2265003643FA /* CMControllerHelper.m */,
				534D413223AB239D003643FA /* UIViewController+UI.h */,
				534D413323AB239E003643FA /* UIViewController+UI.m */,
				534D411C23AB0F2D003643FA /* Main.storyboard */,
				534D411F23AB0F31003643FA /* Assets.xcassets */,
				534D412123AB0F31003643FA /* LaunchScreen.storyboard */,
				534D412423AB0F31003643FA /* Info.plist */,
				534D412523AB0F31003643FA /* main.m */,
			);
			path = 13.1;
			sourceTree = "<group>";
		};
/* End PBXGroup section */

/* Begin PBXNativeTarget section */
		534D410F23AB0F2D003643FA /* 13.1 */ = {
			isa = PBXNativeTarget;
			buildConfigurationList = 534D412923AB0F31003643FA /* Build configuration list for PBXNativeTarget "13.1" */;
			buildPhases = (
				534D410C23AB0F2D003643FA /* Sources */,
				534D410D23AB0F2D003643FA /* Frameworks */,
				534D410E23AB0F2D003643FA /* Resources */,
			);
			buildRules = (
			);
			dependencies = (
			);
			name = 13.1;
			productName = 13.1;
			productReference = 534D411023AB0F2D003643FA /* 13.1.app */;
			productType = "com.apple.product-type.application";
		};
/* End PBXNativeTarget section */

/* Begin PBXProject section */
		534D410823AB0F2D003643FA /* Project object */ = {
			isa = PBXProject;
			attributes = {
				LastUpgradeCheck = 1110;
				ORGANIZATIONNAME = shenhk;
				TargetAttributes = {
					534D410F23AB0F2D003643FA = {
						CreatedOnToolsVersion = 11.1;
					};
				};
			};
			buildConfigurationList = 534D410B23AB0F2D003643FA /* Build configuration list for PBXProject "13.1" */;
			compatibilityVersion = "Xcode 9.3";
			developmentRegion = en;
			hasScannedForEncodings = 0;
			knownRegions = (
				en,
				Base,
			);
			mainGroup = 534D410723AB0F2D003643FA;
			productRefGroup = 534D411123AB0F2D003643FA /* Products */;
			projectDirPath = "";
			projectRoot = "";
			targets = (
				534D410F23AB0F2D003643FA /* 13.1 */,
			);
		};
/* End PBXProject section */

/* Begin PBXResourcesBuildPhase section */
		534D410E23AB0F2D003643FA /* Resources */ = {
			isa = PBXResourcesBuildPhase;
			buildActionMask = 2147483647;
			files = (
				534D412323AB0F31003643FA /* LaunchScreen.storyboard in Resources */,
				534D412023AB0F31003643FA /* Assets.xcassets in Resources */,
				534D411E23AB0F2D003643FA /* Main.storyboard in Resources */,
			);
			runOnlyForDeploymentPostprocessing = 0;
		};
/* End PBXResourcesBuildPhase section */

/* Begin PBXSourcesBuildPhase section */
		534D410C23AB0F2D003643FA /* Sources */ = {
			isa = PBXSourcesBuildPhase;
			buildActionMask = 2147483647;
			files = (
				534D411B23AB0F2D003643FA /* ViewController.m in Sources */,
				534D412E23AB1E5C003643FA /* AViewController.m in Sources */,
				534D413423AB239E003643FA /* UIViewController+UI.m in Sources */,
				534D411523AB0F2D003643FA /* AppDelegate.m in Sources */,
				534D412623AB0F31003643FA /* main.m in Sources */,
				534D411823AB0F2D003643FA /* SceneDelegate.m in Sources */,
				534D413123AB2265003643FA /* CMControllerHelper.m in Sources */,
			);
			runOnlyForDeploymentPostprocessing = 0;
		};
/* End PBXSourcesBuildPhase section */

/* Begin PBXVariantGroup section */
		534D411C23AB0F2D003643FA /* Main.storyboard */ = {
			isa = PBXVariantGroup;
			children = (
				534D411D23AB0F2D003643FA /* Base */,
			);
			name = Main.storyboard;
			sourceTree = "<group>";
		};
		534D412123AB0F31003643FA /* LaunchScreen.storyboard */ = {
			isa = PBXVariantGroup;
			children = (
				534D412223AB0F31003643FA /* Base */,
			);
			name = LaunchScreen.storyboard;
			sourceTree = "<group>";
		};
/* End PBXVariantGroup section */

/* Begin XCBuildConfiguration section */
		534D412723AB0F31003643FA /* Debug */ = {
			isa = XCBuildConfiguration;
			buildSettings = {
				ALWAYS_SEARCH_USER_PATHS = NO;
				CLANG_ANALYZER_NONNULL = YES;
				CLANG_ANALYZER_NUMBER_OBJECT_CONVERSION = YES_AGGRESSIVE;
				CLANG_CXX_LANGUAGE_STANDARD = "gnu++14";
				CLANG_CXX_LIBRARY = "libc++";
				CLANG_ENABLE_MODULES = YES;
				CLANG_ENABLE_OBJC_ARC = YES;
				CLANG_ENABLE_OBJC_WEAK = YES;
				CLANG_WARN_BLOCK_CAPTURE_AUTORELEASING = YES;
				CLANG_WARN_BOOL_CONVERSION = YES;
				CLANG_WARN_COMMA = YES;
				CLANG_WARN_CONSTANT_CONVERSION = YES;
				CLANG_WARN_DEPRECATED_OBJC_IMPLEMENTATIONS = YES;
				CLANG_WARN_DIRECT_OBJC_ISA_USAGE = YES_ERROR;
				CLANG_WARN_DOCUMENTATION_COMMENTS = YES;
				CLANG_WARN_EMPTY_BODY = YES;
				CLANG_WARN_ENUM_CONVERSION = YES;
				CLANG_WARN_INFINITE_RECURSION = YES;
				CLANG_WARN_INT_CONVERSION = YES;
				CLANG_WARN_NON_LITERAL_NULL_CONVERSION = YES;
				CLANG_WARN_OBJC_IMPLICIT_RETAIN_SELF = YES;
				CLANG_WARN_OBJC_LITERAL_CONVERSION = YES;
				CLANG_WARN_OBJC_ROOT_CLASS = YES_ERROR;
				CLANG_WARN_RANGE_LOOP_ANALYSIS = YES;
				CLANG_WARN_STRICT_PROTOTYPES = YES;
				CLANG_WARN_SUSPICIOUS_MOVE = YES;
				CLANG_WARN_UNGUARDED_AVAILABILITY = YES_AGGRESSIVE;
				CLANG_WARN_UNREACHABLE_CODE = YES;
				CLANG_WARN__DUPLICATE_METHOD_MATCH = YES;
				COPY_PHASE_STRIP = NO;
				DEBUG_INFORMATION_FORMAT = dwarf;
				ENABLE_STRICT_OBJC_MSGSEND = YES;
				ENABLE_TESTABILITY = YES;
				GCC_C_LANGUAGE_STANDARD = gnu11;
				GCC_DYNAMIC_NO_PIC = NO;
				GCC_NO_COMMON_BLOCKS = YES;
				GCC_OPTIMIZATION_LEVEL = 0;
				GCC_PREPROCESSOR_DEFINITIONS = (
					"DEBUG=1",
					"$(inherited)",
				);
				GCC_WARN_64_TO_32_BIT_CONVERSION = YES;
				GCC_WARN_ABOUT_RETURN_TYPE = YES_ERROR;
				GCC_WARN_UNDECLARED_SELECTOR = YES;
				GCC_WARN_UNINITIALIZED_AUTOS = YES_AGGRESSIVE;
				GCC_WARN_UNUSED_FUNCTION = YES;
				GCC_WARN_UNUSED_VARIABLE = YES;
				IPHONEOS_DEPLOYMENT_TARGET = 13.1;
				MTL_ENABLE_DEBUG_INFO = INCLUDE_SOURCE;
				MTL_FAST_MATH = YES;
				ONLY_ACTIVE_ARCH = YES;
				SDKROOT = iphoneos;
			};
			name = Debug;
		};
		534D412823AB0F31003643FA /* Release */ = {
			isa = XCBuildConfiguration;
			buildSettings = {
				ALWAYS_SEARCH_USER_PATHS = NO;
				CLANG_ANALYZER_NONNULL = YES;
				CLANG_ANALYZER_NUMBER_OBJECT_CONVERSION = YES_AGGRESSIVE;
				CLANG_CXX_LANGUAGE_STANDARD = "gnu++14";
				CLANG_CXX_LIBRARY = "libc++";
				CLANG_ENABLE_MODULES = YES;
				CLANG_ENABLE_OBJC_ARC = YES;
				CLANG_ENABLE_OBJC_WEAK = YES;
				CLANG_WARN_BLOCK_CAPTURE_AUTORELEASING = YES;
				CLANG_WARN_BOOL_CONVERSION = YES;
				CLANG_WARN_COMMA = YES;
				CLANG_WARN_CONSTANT_CONVERSION = YES;
				CLANG_WARN_DEPRECATED_OBJC_IMPLEMENTATIONS = YES;
				CLANG_WARN_DIRECT_OBJC_ISA_USAGE = YES_ERROR;
				CLANG_WARN_DOCUMENTATION_COMMENTS = YES;
				CLANG_WARN_EMPTY_BODY = YES;
				CLANG_WARN_ENUM_CONVERSION = YES;
				CLANG_WARN_INFINITE_RECURSION = YES;
				CLANG_WARN_INT_CONVERSION = YES;
				CLANG_WARN_NON_LITERAL_NULL_CONVERSION = YES;
				CLANG_WARN_OBJC_IMPLICIT_RETAIN_SELF = YES;
				CLANG_WARN_OBJC_LITERAL_CONVERSION = YES;
				CLANG_WARN_OBJC_ROOT_CLASS = YES_ERROR;
				CLANG_WARN_RANGE_LOOP_ANALYSIS = YES;
				CLANG_WARN_STRICT_PROTOTYPES = YES;
				CLANG_WARN_SUSPICIOUS_MOVE = YES;
				CLANG_WARN_UNGUARDED_AVAILABILITY = YES_AGGRESSIVE;
				CLANG_WARN_UNREACHABLE_CODE = YES;
				CLANG_WARN__DUPLICATE_METHOD_MATCH = YES;
				COPY_PHASE_STRIP = NO;
				DEBUG_INFORMATION_FORMAT = "dwarf-with-dsym";
				ENABLE_NS_ASSERTIONS = NO;
				ENABLE_STRICT_OBJC_MSGSEND = YES;
				GCC_C_LANGUAGE_STANDARD = gnu11;
				GCC_NO_COMMON_BLOCKS = YES;
				GCC_WARN_64_TO_32_BIT_CONVERSION = YES;
				GCC_WARN_ABOUT_RETURN_TYPE = YES_ERROR;
				GCC_WARN_UNDECLARED_SELECTOR = YES;
				GCC_WARN_UNINITIALIZED_AUTOS = YES_AGGRESSIVE;
				GCC_WARN_UNUSED_FUNCTION = YES;
				GCC_WARN_UNUSED_VARIABLE = YES;
				IPHONEOS_DEPLOYMENT_TARGET = 13.1;
				MTL_ENABLE_DEBUG_INFO = NO;
				MTL_FAST_MATH = YES;
				SDKROOT = iphoneos;
				VALIDATE_PRODUCT = YES;
			};
			name = Release;
		};
		534D412A23AB0F31003643FA /* Debug */ = {
			isa = XCBuildConfiguration;
			buildSettings = {
				ASSETCATALOG_COMPILER_APPICON_NAME = AppIcon;
				CODE_SIGN_STYLE = Automatic;
				INFOPLIST_FILE = 13.1/Info.plist;
				LD_RUNPATH_SEARCH_PATHS = (
					"$(inherited)",
					"@executable_path/Frameworks",
				);
				PRODUCT_BUNDLE_IDENTIFIER = "shk.-3-1";
				PRODUCT_NAME = "$(TARGET_NAME)";
				TARGETED_DEVICE_FAMILY = "1,2";
			};
			name = Debug;
		};
		534D412B23AB0F31003643FA /* Release */ = {
			isa = XCBuildConfiguration;
			buildSettings = {
				ASSETCATALOG_COMPILER_APPICON_NAME = AppIcon;
				CODE_SIGN_STYLE = Automatic;
				INFOPLIST_FILE = 13.1/Info.plist;
				LD_RUNPATH_SEARCH_PATHS = (
					"$(inherited)",
					"@executable_path/Frameworks",
				);
				PRODUCT_BUNDLE_IDENTIFIER = "shk.-3-1";
				PRODUCT_NAME = "$(TARGET_NAME)";
				TARGETED_DEVICE_FAMILY = "1,2";
			};
			name = Release;
		};
/* End XCBuildConfiguration section */

/* Begin XCConfigurationList section */
		534D410B23AB0F2D003643FA /* Build configuration list for PBXProject "13.1" */ = {
			isa = XCConfigurationList;
			buildConfigurations = (
				534D412723AB0F31003643FA /* Debug */,
				534D412823AB0F31003643FA /* Release */,
			);
			defaultConfigurationIsVisible = 0;
			defaultConfigurationName = Release;
		};
		534D412923AB0F31003643FA /* Build configuration list for PBXNativeTarget "13.1" */ = {
			isa = XCConfigurationList;
			buildConfigurations = (
				534D412A23AB0F31003643FA /* Debug */,
				534D412B23AB0F31003643FA /* Release */,
			);
			defaultConfigurationIsVisible = 0;
			defaultConfigurationName = Release;
		};
/* End XCConfigurationList section */
	};
	rootObject = 534D410823AB0F2D003643FA /* Project object */;
}
